
Microsoft Visual Studio Solution File, Format Version 12.00
# Visual Studio Version 17
VisualStudioVersion = 17.11.35303.130
MinimumVisualStudioVersion = 10.0.40219.1
Project("{8BC9CEB8-8B4A-11D0-8D11-00A0C91BC942}") = "2753", "2753.vcxproj", "{736F7FD3-C9DD-4D8C-BC40-1C18B99D4B2E}"
EndProject
Global
	GlobalSection(SolutionConfigurationPlatforms) = preSolution
		Debug|x64 = Debug|x64
		Debug|x86 = Debug|x86
		Release|x64 = Release|x64
		Release|x86 = Release|x86
	EndGlobalSection
	GlobalSection(ProjectConfigurationPlatforms) = postSolution
		{736F7FD3-C9DD-4D8C-BC40-1C18B99D4B2E}.Debug|x64.ActiveCfg = Debug|x64
		{736F7FD3-C9DD-4D8C-BC40-1C18B99D4B2E}.Debug|x64.Build.0 = Debug|x64
		{736F7FD3-C9DD-4D8C-BC40-1C18B99D4B2E}.Debug|x86.ActiveCfg = Debug|Win32
		{736F7FD3-C9DD-4D8C-BC40-1C18B99D4B2E}.Debug|x86.Build.0 = Debug|Win32
		{736F7FD3-C9DD-4D8C-BC40-1C18B99D4B2E}.Release|x64.ActiveCfg = Release|x64
		{736F7FD3-C9DD-4D8C-BC40-1C18B99D4B2E}.Release|x64.Build.0 = Release|x64
		{736F7FD3-C9DD-4D8C-BC40-1C18B99D4B2E}.Release|x86.ActiveCfg = Release|Win32
		{736F7FD3-C9DD-4D8C-BC40-1C18B99D4B2E}.Release|x86.Build.0 = Release|Win32
	EndGlobalSection
	GlobalSection(SolutionProperties) = preSolution
		HideSolutionNode = FALSE
	EndGlobalSection
	GlobalSection(ExtensibilityGlobals) = postSolution
		SolutionGuid = {30E7CF61-FF63-4940-A7C5-C09C065E0BD1}
	EndGlobalSection
EndGlobal
